
Microsoft Visual Studio Solution File, Format Version 12.00
# Visual Studio Version 17
VisualStudioVersion = 17.0.31903.59
MinimumVisualStudioVersion = 10.0.40219.1
Project("{FAE04EC0-301F-11D3-BF4B-00C04F79EFBC}") = "AppHost", "AppHost\AppHost.csproj", "{38791B6B-9F6C-4B01-B7DD-4BD2C4C497F9}"
EndProject
Project("{FAE04EC0-301F-11D3-BF4B-00C04F79EFBC}") = "ServiceDefaults", "ServiceDefaults\ServiceDefaults.csproj", "{F5E6C61B-CEBC-4387-BC1B-B42BF252A497}"
EndProject
Project("{FAE04EC0-301F-11D3-BF4B-00C04F79EFBC}") = "Contracts", "Contracts\Contracts.csproj", "{7DC57FC5-157D-4B2E-B156-4439B8807D91}"
EndProject
Project("{FAE04EC0-301F-11D3-BF4B-00C04F79EFBC}") = "Components", "Components\Components.csproj", "{DB5CDAD9-64E2-4A8B-B269-FD40E142CEBA}"
EndProject
Project("{FAE04EC0-301F-11D3-BF4B-00C04F79EFBC}") = "Backend", "Backend\Backend.csproj", "{4724BB7F-DAF2-4BDB-A7C1-373893D5EF9B}"
EndProject
Project("{FAE04EC0-301F-11D3-BF4B-00C04F79EFBC}") = "Api", "Api\Api.csproj", "{A260BC8B-A1DA-43D0-9CEA-C8A4C818D545}"
EndProject
Project("{FAE04EC0-301F-11D3-BF4B-00C04F79EFBC}") = "Setup", "Setup\Setup.csproj", "{1E60E580-4589-43F0-BDB9-D5A8AA82FD5F}"
EndProject
Global
	GlobalSection(SolutionConfigurationPlatforms) = preSolution
		Debug|Any CPU = Debug|Any CPU
		Release|Any CPU = Release|Any CPU
	EndGlobalSection
	GlobalSection(SolutionProperties) = preSolution
		HideSolutionNode = FALSE
	EndGlobalSection
	GlobalSection(ProjectConfigurationPlatforms) = postSolution
		{38791B6B-9F6C-4B01-B7DD-4BD2C4C497F9}.Debug|Any CPU.ActiveCfg = Debug|Any CPU
		{38791B6B-9F6C-4B01-B7DD-4BD2C4C497F9}.Debug|Any CPU.Build.0 = Debug|Any CPU
		{38791B6B-9F6C-4B01-B7DD-4BD2C4C497F9}.Release|Any CPU.ActiveCfg = Release|Any CPU
		{38791B6B-9F6C-4B01-B7DD-4BD2C4C497F9}.Release|Any CPU.Build.0 = Release|Any CPU
		{F5E6C61B-CEBC-4387-BC1B-B42BF252A497}.Debug|Any CPU.ActiveCfg = Debug|Any CPU
		{F5E6C61B-CEBC-4387-BC1B-B42BF252A497}.Debug|Any CPU.Build.0 = Debug|Any CPU
		{F5E6C61B-CEBC-4387-BC1B-B42BF252A497}.Release|Any CPU.ActiveCfg = Release|Any CPU
		{F5E6C61B-CEBC-4387-BC1B-B42BF252A497}.Release|Any CPU.Build.0 = Release|Any CPU
		{7DC57FC5-157D-4B2E-B156-4439B8807D91}.Debug|Any CPU.ActiveCfg = Debug|Any CPU
		{7DC57FC5-157D-4B2E-B156-4439B8807D91}.Debug|Any CPU.Build.0 = Debug|Any CPU
		{7DC57FC5-157D-4B2E-B156-4439B8807D91}.Release|Any CPU.ActiveCfg = Release|Any CPU
		{7DC57FC5-157D-4B2E-B156-4439B8807D91}.Release|Any CPU.Build.0 = Release|Any CPU
		{DB5CDAD9-64E2-4A8B-B269-FD40E142CEBA}.Debug|Any CPU.ActiveCfg = Debug|Any CPU
		{DB5CDAD9-64E2-4A8B-B269-FD40E142CEBA}.Debug|Any CPU.Build.0 = Debug|Any CPU
		{DB5CDAD9-64E2-4A8B-B269-FD40E142CEBA}.Release|Any CPU.ActiveCfg = Release|Any CPU
		{DB5CDAD9-64E2-4A8B-B269-FD40E142CEBA}.Release|Any CPU.Build.0 = Release|Any CPU
		{4724BB7F-DAF2-4BDB-A7C1-373893D5EF9B}.Debug|Any CPU.ActiveCfg = Debug|Any CPU
		{4724BB7F-DAF2-4BDB-A7C1-373893D5EF9B}.Debug|Any CPU.Build.0 = Debug|Any CPU
		{4724BB7F-DAF2-4BDB-A7C1-373893D5EF9B}.Release|Any CPU.ActiveCfg = Release|Any CPU
		{4724BB7F-DAF2-4BDB-A7C1-373893D5EF9B}.Release|Any CPU.Build.0 = Release|Any CPU
		{A260BC8B-A1DA-43D0-9CEA-C8A4C818D545}.Debug|Any CPU.ActiveCfg = Debug|Any CPU
		{A260BC8B-A1DA-43D0-9CEA-C8A4C818D545}.Debug|Any CPU.Build.0 = Debug|Any CPU
		{A260BC8B-A1DA-43D0-9CEA-C8A4C818D545}.Release|Any CPU.ActiveCfg = Release|Any CPU
		{A260BC8B-A1DA-43D0-9CEA-C8A4C818D545}.Release|Any CPU.Build.0 = Release|Any CPU
		{1E60E580-4589-43F0-BDB9-D5A8AA82FD5F}.Debug|Any CPU.ActiveCfg = Debug|Any CPU
		{1E60E580-4589-43F0-BDB9-D5A8AA82FD5F}.Debug|Any CPU.Build.0 = Debug|Any CPU
		{1E60E580-4589-43F0-BDB9-D5A8AA82FD5F}.Release|Any CPU.ActiveCfg = Release|Any CPU
		{1E60E580-4589-43F0-BDB9-D5A8AA82FD5F}.Release|Any CPU.Build.0 = Release|Any CPU
	EndGlobalSection
EndGlobal
